
Microsoft Visual Studio Solution File, Format Version 12.00
# Visual Studio Version 16
VisualStudioVersion = 16.0.32106.194
MinimumVisualStudioVersion = 10.0.40219.1
Project("{FAE04EC0-301F-11D3-BF4B-00C04F79EFBC}") = "LostAndFoundAppBackend", "LostAndFoundAppBackend\LostAndFoundAppBackend.csproj", "{1C225699-3EAA-40E3-8A94-0762EA32FC1A}"
EndProject
Global
	GlobalSection(SolutionConfigurationPlatforms) = preSolution
		Debug|Any CPU = Debug|Any CPU
		Release|Any CPU = Release|Any CPU
	EndGlobalSection
	GlobalSection(ProjectConfigurationPlatforms) = postSolution
		{1C225699-3EAA-40E3-8A94-0762EA32FC1A}.Debug|Any CPU.ActiveCfg = Debug|Any CPU
		{1C225699-3EAA-40E3-8A94-0762EA32FC1A}.Debug|Any CPU.Build.0 = Debug|Any CPU
		{1C225699-3EAA-40E3-8A94-0762EA32FC1A}.Release|Any CPU.ActiveCfg = Release|Any CPU
		{1C225699-3EAA-40E3-8A94-0762EA32FC1A}.Release|Any CPU.Build.0 = Release|Any CPU
	EndGlobalSection
	GlobalSection(SolutionProperties) = preSolution
		HideSolutionNode = FALSE
	EndGlobalSection
	GlobalSection(ExtensibilityGlobals) = postSolution
		SolutionGuid = {814210FE-8276-4618-9272-301979CD8E39}
	EndGlobalSection
EndGlobal
